
Microsoft Visual Studio Solution File, Format Version 12.00
# Visual Studio Version 17
VisualStudioVersion = 17.11.35222.181
MinimumVisualStudioVersion = 10.0.40219.1
Project("{FAE04EC0-301F-11D3-BF4B-00C04F79EFBC}") = "Exercicios", "Exercicios\Exercicios.csproj", "{7A0CF5D2-F463-4001-8E3D-A6AF899A901C}"
EndProject
Global
	GlobalSection(SolutionConfigurationPlatforms) = preSolution
		Debug|Any CPU = Debug|Any CPU
		Release|Any CPU = Release|Any CPU
	EndGlobalSection
	GlobalSection(ProjectConfigurationPlatforms) = postSolution
		{7A0CF5D2-F463-4001-8E3D-A6AF899A901C}.Debug|Any CPU.ActiveCfg = Debug|Any CPU
		{7A0CF5D2-F463-4001-8E3D-A6AF899A901C}.Debug|Any CPU.Build.0 = Debug|Any CPU
		{7A0CF5D2-F463-4001-8E3D-A6AF899A901C}.Release|Any CPU.ActiveCfg = Release|Any CPU
		{7A0CF5D2-F463-4001-8E3D-A6AF899A901C}.Release|Any CPU.Build.0 = Release|Any CPU
	EndGlobalSection
	GlobalSection(SolutionProperties) = preSolution
		HideSolutionNode = FALSE
	EndGlobalSection
	GlobalSection(ExtensibilityGlobals) = postSolution
		SolutionGuid = {4355BA27-DACA-4A1C-86C3-3D66B4DA7184}
	EndGlobalSection
EndGlobal
